
Microsoft Visual Studio Solution File, Format Version 12.00
# Visual Studio Version 17
VisualStudioVersion = 17.5.33530.505
MinimumVisualStudioVersion = 10.0.40219.1
Project("{FAE04EC0-301F-11D3-BF4B-00C04F79EFBC}") = "FileStatisticFilter.CommonLibrary", "FileStatisticFilter.CommonLibrary\FileStatisticFilter.CommonLibrary.csproj", "{68D54AD1-DC3B-44CE-A179-3467F2F6F973}"
EndProject
Project("{FAE04EC0-301F-11D3-BF4B-00C04F79EFBC}") = "FileStatisticFilter.SearchConsoleApp", "FileStatisticFilter.SearchConsoleApp\FileStatisticFilter.SearchConsoleApp.csproj", "{A87A2F39-B65E-4681-8735-AFEC623B270F}"
EndProject
Project("{FAE04EC0-301F-11D3-BF4B-00C04F79EFBC}") = "FileStatisticsFilter.WpfApp", "FileStatisticsFilter.WpfApp\FileStatisticsFilter.WpfApp.csproj", "{CE212978-305A-4FD0-BABF-5483F11CB4F3}"
EndProject
Global
	GlobalSection(SolutionConfigurationPlatforms) = preSolution
		Debug|Any CPU = Debug|Any CPU
		Release|Any CPU = Release|Any CPU
	EndGlobalSection
	GlobalSection(ProjectConfigurationPlatforms) = postSolution
		{68D54AD1-DC3B-44CE-A179-3467F2F6F973}.Debug|Any CPU.ActiveCfg = Debug|Any CPU
		{68D54AD1-DC3B-44CE-A179-3467F2F6F973}.Debug|Any CPU.Build.0 = Debug|Any CPU
		{68D54AD1-DC3B-44CE-A179-3467F2F6F973}.Release|Any CPU.ActiveCfg = Release|Any CPU
		{68D54AD1-DC3B-44CE-A179-3467F2F6F973}.Release|Any CPU.Build.0 = Release|Any CPU
		{A87A2F39-B65E-4681-8735-AFEC623B270F}.Debug|Any CPU.ActiveCfg = Debug|Any CPU
		{A87A2F39-B65E-4681-8735-AFEC623B270F}.Debug|Any CPU.Build.0 = Debug|Any CPU
		{A87A2F39-B65E-4681-8735-AFEC623B270F}.Release|Any CPU.ActiveCfg = Release|Any CPU
		{A87A2F39-B65E-4681-8735-AFEC623B270F}.Release|Any CPU.Build.0 = Release|Any CPU
		{CE212978-305A-4FD0-BABF-5483F11CB4F3}.Debug|Any CPU.ActiveCfg = Debug|Any CPU
		{CE212978-305A-4FD0-BABF-5483F11CB4F3}.Debug|Any CPU.Build.0 = Debug|Any CPU
		{CE212978-305A-4FD0-BABF-5483F11CB4F3}.Release|Any CPU.ActiveCfg = Release|Any CPU
		{CE212978-305A-4FD0-BABF-5483F11CB4F3}.Release|Any CPU.Build.0 = Release|Any CPU
	EndGlobalSection
	GlobalSection(SolutionProperties) = preSolution
		HideSolutionNode = FALSE
	EndGlobalSection
	GlobalSection(ExtensibilityGlobals) = postSolution
		SolutionGuid = {E95E426B-6663-41F9-BA96-9798C00379F4}
	EndGlobalSection
EndGlobal
